
Microsoft Visual Studio Solution File, Format Version 12.00
# Visual Studio Version 16
VisualStudioVersion = 16.0.31313.79
MinimumVisualStudioVersion = 10.0.40219.1
Project("{8BC9CEB8-8B4A-11D0-8D11-00A0C91BC942}") = "离散化和区间合并", "离散化和区间合并\离散化和区间合并.vcxproj", "{0195F8D9-F804-4D44-9DA2-7BB5C39FADCA}"
EndProject
Global
	GlobalSection(SolutionConfigurationPlatforms) = preSolution
		Debug|x64 = Debug|x64
		Debug|x86 = Debug|x86
		Release|x64 = Release|x64
		Release|x86 = Release|x86
	EndGlobalSection
	GlobalSection(ProjectConfigurationPlatforms) = postSolution
		{0195F8D9-F804-4D44-9DA2-7BB5C39FADCA}.Debug|x64.ActiveCfg = Debug|x64
		{0195F8D9-F804-4D44-9DA2-7BB5C39FADCA}.Debug|x64.Build.0 = Debug|x64
		{0195F8D9-F804-4D44-9DA2-7BB5C39FADCA}.Debug|x86.ActiveCfg = Debug|Win32
		{0195F8D9-F804-4D44-9DA2-7BB5C39FADCA}.Debug|x86.Build.0 = Debug|Win32
		{0195F8D9-F804-4D44-9DA2-7BB5C39FADCA}.Release|x64.ActiveCfg = Release|x64
		{0195F8D9-F804-4D44-9DA2-7BB5C39FADCA}.Release|x64.Build.0 = Release|x64
		{0195F8D9-F804-4D44-9DA2-7BB5C39FADCA}.Release|x86.ActiveCfg = Release|Win32
		{0195F8D9-F804-4D44-9DA2-7BB5C39FADCA}.Release|x86.Build.0 = Release|Win32
	EndGlobalSection
	GlobalSection(SolutionProperties) = preSolution
		HideSolutionNode = FALSE
	EndGlobalSection
	GlobalSection(ExtensibilityGlobals) = postSolution
		SolutionGuid = {49774EE5-6912-493D-9F07-9005E1E40BE1}
	EndGlobalSection
EndGlobal
