
Microsoft Visual Studio Solution File, Format Version 12.00
# Visual Studio Version 16
VisualStudioVersion = 16.0.31313.79
MinimumVisualStudioVersion = 10.0.40219.1
Project("{8BC9CEB8-8B4A-11D0-8D11-00A0C91BC942}") = "高精度", "高精度\高精度.vcxproj", "{15BEDDE7-BD8D-4E3A-8630-6E8789DB925C}"
EndProject
Global
	GlobalSection(SolutionConfigurationPlatforms) = preSolution
		Debug|x64 = Debug|x64
		Debug|x86 = Debug|x86
		Release|x64 = Release|x64
		Release|x86 = Release|x86
	EndGlobalSection
	GlobalSection(ProjectConfigurationPlatforms) = postSolution
		{15BEDDE7-BD8D-4E3A-8630-6E8789DB925C}.Debug|x64.ActiveCfg = Debug|x64
		{15BEDDE7-BD8D-4E3A-8630-6E8789DB925C}.Debug|x64.Build.0 = Debug|x64
		{15BEDDE7-BD8D-4E3A-8630-6E8789DB925C}.Debug|x86.ActiveCfg = Debug|Win32
		{15BEDDE7-BD8D-4E3A-8630-6E8789DB925C}.Debug|x86.Build.0 = Debug|Win32
		{15BEDDE7-BD8D-4E3A-8630-6E8789DB925C}.Release|x64.ActiveCfg = Release|x64
		{15BEDDE7-BD8D-4E3A-8630-6E8789DB925C}.Release|x64.Build.0 = Release|x64
		{15BEDDE7-BD8D-4E3A-8630-6E8789DB925C}.Release|x86.ActiveCfg = Release|Win32
		{15BEDDE7-BD8D-4E3A-8630-6E8789DB925C}.Release|x86.Build.0 = Release|Win32
	EndGlobalSection
	GlobalSection(SolutionProperties) = preSolution
		HideSolutionNode = FALSE
	EndGlobalSection
	GlobalSection(ExtensibilityGlobals) = postSolution
		SolutionGuid = {6D56036F-24B4-4A7C-B73A-B411D5626BD1}
	EndGlobalSection
EndGlobal
