
Microsoft Visual Studio Solution File, Format Version 12.00
# Visual Studio Version 16
VisualStudioVersion = 16.0.31313.79
MinimumVisualStudioVersion = 10.0.40219.1
Project("{8BC9CEB8-8B4A-11D0-8D11-00A0C91BC942}") = "10_Trie，并查集，堆，哈希", "10_Trie，并查集，堆，哈希\10_Trie，并查集，堆，哈希.vcxproj", "{F0F6E040-FF21-46C2-8DCB-9AA6172AE79E}"
EndProject
Global
	GlobalSection(SolutionConfigurationPlatforms) = preSolution
		Debug|x64 = Debug|x64
		Debug|x86 = Debug|x86
		Release|x64 = Release|x64
		Release|x86 = Release|x86
	EndGlobalSection
	GlobalSection(ProjectConfigurationPlatforms) = postSolution
		{F0F6E040-FF21-46C2-8DCB-9AA6172AE79E}.Debug|x64.ActiveCfg = Debug|x64
		{F0F6E040-FF21-46C2-8DCB-9AA6172AE79E}.Debug|x64.Build.0 = Debug|x64
		{F0F6E040-FF21-46C2-8DCB-9AA6172AE79E}.Debug|x86.ActiveCfg = Debug|Win32
		{F0F6E040-FF21-46C2-8DCB-9AA6172AE79E}.Debug|x86.Build.0 = Debug|Win32
		{F0F6E040-FF21-46C2-8DCB-9AA6172AE79E}.Release|x64.ActiveCfg = Release|x64
		{F0F6E040-FF21-46C2-8DCB-9AA6172AE79E}.Release|x64.Build.0 = Release|x64
		{F0F6E040-FF21-46C2-8DCB-9AA6172AE79E}.Release|x86.ActiveCfg = Release|Win32
		{F0F6E040-FF21-46C2-8DCB-9AA6172AE79E}.Release|x86.Build.0 = Release|Win32
	EndGlobalSection
	GlobalSection(SolutionProperties) = preSolution
		HideSolutionNode = FALSE
	EndGlobalSection
	GlobalSection(ExtensibilityGlobals) = postSolution
		SolutionGuid = {E74D2502-9014-4CEA-88BF-9E17425EEFA9}
	EndGlobalSection
EndGlobal
